
Microsoft Visual Studio Solution File, Format Version 12.00
# Visual Studio Version 17
VisualStudioVersion = 17.3.32922.545
MinimumVisualStudioVersion = 10.0.40219.1
Project("{FAE04EC0-301F-11D3-BF4B-00C04F79EFBC}") = "sorteadordenomes.cs", "sorteadordenomes.cs\sorteadordenomes.cs.csproj", "{67C2688E-1172-4A67-BEAC-28403E4FC9A2}"
EndProject
Global
	GlobalSection(SolutionConfigurationPlatforms) = preSolution
		Debug|Any CPU = Debug|Any CPU
		Release|Any CPU = Release|Any CPU
	EndGlobalSection
	GlobalSection(ProjectConfigurationPlatforms) = postSolution
		{67C2688E-1172-4A67-BEAC-28403E4FC9A2}.Debug|Any CPU.ActiveCfg = Debug|Any CPU
		{67C2688E-1172-4A67-BEAC-28403E4FC9A2}.Debug|Any CPU.Build.0 = Debug|Any CPU
		{67C2688E-1172-4A67-BEAC-28403E4FC9A2}.Release|Any CPU.ActiveCfg = Release|Any CPU
		{67C2688E-1172-4A67-BEAC-28403E4FC9A2}.Release|Any CPU.Build.0 = Release|Any CPU
	EndGlobalSection
	GlobalSection(SolutionProperties) = preSolution
		HideSolutionNode = FALSE
	EndGlobalSection
	GlobalSection(ExtensibilityGlobals) = postSolution
		SolutionGuid = {4940CF9E-7A03-4A46-A1F3-0A81529D4072}
	EndGlobalSection
EndGlobal
